
Microsoft Visual Studio Solution File, Format Version 12.00
# Visual Studio Version 17
VisualStudioVersion = 17.5.002.0
MinimumVisualStudioVersion = 10.0.40219.1
Project("{9A19103F-16F7-4668-BE54-9A1E7A4F7556}") = "DurableMultiAgentTemplate", "DurableMultiAgentTemplate\DurableMultiAgentTemplate.csproj", "{B97B0F85-B39D-4768-806D-003066C3D491}"
EndProject
Project("{FAE04EC0-301F-11D3-BF4B-00C04F79EFBC}") = "DurableMultiAgentTemplate.Client", "DurableMultiAgentTemplate.Client\DurableMultiAgentTemplate.Client.csproj", "{9E0266B0-7EE0-4BDE-9CB8-BACB3B288E97}"
EndProject
Global
	GlobalSection(SolutionConfigurationPlatforms) = preSolution
		Debug|Any CPU = Debug|Any CPU
		Release|Any CPU = Release|Any CPU
	EndGlobalSection
	GlobalSection(ProjectConfigurationPlatforms) = postSolution
		{B97B0F85-B39D-4768-806D-003066C3D491}.Debug|Any CPU.ActiveCfg = Debug|Any CPU
		{B97B0F85-B39D-4768-806D-003066C3D491}.Debug|Any CPU.Build.0 = Debug|Any CPU
		{B97B0F85-B39D-4768-806D-003066C3D491}.Release|Any CPU.ActiveCfg = Release|Any CPU
		{B97B0F85-B39D-4768-806D-003066C3D491}.Release|Any CPU.Build.0 = Release|Any CPU
		{9E0266B0-7EE0-4BDE-9CB8-BACB3B288E97}.Debug|Any CPU.ActiveCfg = Debug|Any CPU
		{9E0266B0-7EE0-4BDE-9CB8-BACB3B288E97}.Debug|Any CPU.Build.0 = Debug|Any CPU
		{9E0266B0-7EE0-4BDE-9CB8-BACB3B288E97}.Release|Any CPU.ActiveCfg = Release|Any CPU
		{9E0266B0-7EE0-4BDE-9CB8-BACB3B288E97}.Release|Any CPU.Build.0 = Release|Any CPU
	EndGlobalSection
	GlobalSection(SolutionProperties) = preSolution
		HideSolutionNode = FALSE
	EndGlobalSection
	GlobalSection(ExtensibilityGlobals) = postSolution
		SolutionGuid = {F1B792F7-23B5-4BBA-AEF8-6B7609A69B88}
	EndGlobalSection
EndGlobal
